
Microsoft Visual Studio Solution File, Format Version 12.00
# Visual Studio Version 16
VisualStudioVersion = 16.0.30907.101
MinimumVisualStudioVersion = 10.0.40219.1
Project("{FAE04EC0-301F-11D3-BF4B-00C04F79EFBC}") = "WebBaladaIntergalatica", "WebBaladaIntergalatica\WebBaladaIntergalatica.csproj", "{232FD45C-E55F-40EA-AD74-C0932864621B}"
EndProject
Global
	GlobalSection(SolutionConfigurationPlatforms) = preSolution
		Debug|Any CPU = Debug|Any CPU
		Release|Any CPU = Release|Any CPU
	EndGlobalSection
	GlobalSection(ProjectConfigurationPlatforms) = postSolution
		{232FD45C-E55F-40EA-AD74-C0932864621B}.Debug|Any CPU.ActiveCfg = Debug|Any CPU
		{232FD45C-E55F-40EA-AD74-C0932864621B}.Debug|Any CPU.Build.0 = Debug|Any CPU
		{232FD45C-E55F-40EA-AD74-C0932864621B}.Release|Any CPU.ActiveCfg = Release|Any CPU
		{232FD45C-E55F-40EA-AD74-C0932864621B}.Release|Any CPU.Build.0 = Release|Any CPU
	EndGlobalSection
	GlobalSection(SolutionProperties) = preSolution
		HideSolutionNode = FALSE
	EndGlobalSection
	GlobalSection(ExtensibilityGlobals) = postSolution
		SolutionGuid = {794556D9-AEF9-4165-B387-9E0A44D795C3}
	EndGlobalSection
EndGlobal
